
Microsoft Visual Studio Solution File, Format Version 12.00
# Visual Studio Version 16
VisualStudioVersion = 16.0.31321.278
MinimumVisualStudioVersion = 10.0.40219.1
Project("{FAE04EC0-301F-11D3-BF4B-00C04F79EFBC}") = "ClassLibrary", "ClassLibrary\ClassLibrary.csproj", "{153FF6DA-79D7-496A-8CC1-4490CCFB963B}"
EndProject
Global
	GlobalSection(SolutionConfigurationPlatforms) = preSolution
		Debug|Any CPU = Debug|Any CPU
		Release|Any CPU = Release|Any CPU
	EndGlobalSection
	GlobalSection(ProjectConfigurationPlatforms) = postSolution
		{153FF6DA-79D7-496A-8CC1-4490CCFB963B}.Debug|Any CPU.ActiveCfg = Debug|Any CPU
		{153FF6DA-79D7-496A-8CC1-4490CCFB963B}.Debug|Any CPU.Build.0 = Debug|Any CPU
		{153FF6DA-79D7-496A-8CC1-4490CCFB963B}.Release|Any CPU.ActiveCfg = Release|Any CPU
		{153FF6DA-79D7-496A-8CC1-4490CCFB963B}.Release|Any CPU.Build.0 = Release|Any CPU
	EndGlobalSection
	GlobalSection(SolutionProperties) = preSolution
		HideSolutionNode = FALSE
	EndGlobalSection
	GlobalSection(ExtensibilityGlobals) = postSolution
		SolutionGuid = {27BFFE95-568E-45F0-9C59-FE4F006B1963}
	EndGlobalSection
EndGlobal
